
Microsoft Visual Studio Solution File, Format Version 12.00
# Visual Studio Version 16
VisualStudioVersion = 25.0.1704.4
MinimumVisualStudioVersion = 10.0.40219.1
Project("{FAE04EC0-301F-11D3-BF4B-00C04F79EFBC}") = "CoffeeShop.MVC", "CoffeeShop.MVC\CoffeeShop.MVC.csproj", "{BE6B9FF0-CD5C-4A74-B7DF-82E8F3CBC3E8}"
EndProject
Project("{FAE04EC0-301F-11D3-BF4B-00C04F79EFBC}") = "CoffeeShop.Models", "CoffeeShop.Models\CoffeeShop.Models.csproj", "{A8AB088B-1B02-46E4-B5D9-864F6C3AB48A}"
EndProject
Project("{FAE04EC0-301F-11D3-BF4B-00C04F79EFBC}") = "CoffeeShop.EF", "CoffeeShop.EF\CoffeeShop.EF.csproj", "{C453E31F-4C1F-421A-97DE-8CF416F4C10F}"
EndProject
Global
	GlobalSection(SolutionConfigurationPlatforms) = preSolution
		Debug|Any CPU = Debug|Any CPU
		Release|Any CPU = Release|Any CPU
	EndGlobalSection
	GlobalSection(ProjectConfigurationPlatforms) = postSolution
		{BE6B9FF0-CD5C-4A74-B7DF-82E8F3CBC3E8}.Debug|Any CPU.ActiveCfg = Debug|Any CPU
		{BE6B9FF0-CD5C-4A74-B7DF-82E8F3CBC3E8}.Debug|Any CPU.Build.0 = Debug|Any CPU
		{BE6B9FF0-CD5C-4A74-B7DF-82E8F3CBC3E8}.Release|Any CPU.ActiveCfg = Release|Any CPU
		{BE6B9FF0-CD5C-4A74-B7DF-82E8F3CBC3E8}.Release|Any CPU.Build.0 = Release|Any CPU
		{A8AB088B-1B02-46E4-B5D9-864F6C3AB48A}.Debug|Any CPU.ActiveCfg = Debug|Any CPU
		{A8AB088B-1B02-46E4-B5D9-864F6C3AB48A}.Debug|Any CPU.Build.0 = Debug|Any CPU
		{A8AB088B-1B02-46E4-B5D9-864F6C3AB48A}.Release|Any CPU.ActiveCfg = Release|Any CPU
		{A8AB088B-1B02-46E4-B5D9-864F6C3AB48A}.Release|Any CPU.Build.0 = Release|Any CPU
		{C453E31F-4C1F-421A-97DE-8CF416F4C10F}.Debug|Any CPU.ActiveCfg = Debug|Any CPU
		{C453E31F-4C1F-421A-97DE-8CF416F4C10F}.Debug|Any CPU.Build.0 = Debug|Any CPU
		{C453E31F-4C1F-421A-97DE-8CF416F4C10F}.Release|Any CPU.ActiveCfg = Release|Any CPU
		{C453E31F-4C1F-421A-97DE-8CF416F4C10F}.Release|Any CPU.Build.0 = Release|Any CPU
	EndGlobalSection
	GlobalSection(SolutionProperties) = preSolution
		HideSolutionNode = FALSE
	EndGlobalSection
	GlobalSection(ExtensibilityGlobals) = postSolution
		SolutionGuid = {9B26C175-A10F-4B35-87EF-5622A426B901}
	EndGlobalSection
EndGlobal
